// !$*UTF8*$!
{
	archiveVersion = 1;
	classes = {
	};
	objectVersion = 50;
	objects = {

/* Begin PBXBuildFile section */
		4C274EF7220A0566007933E5 /* AppDelegate.swift in Sources */ = {isa = PBXBuildFile; fileRef = 4C274EF6220A0566007933E5 /* AppDelegate.swift */; };
		4C274EFE220A0567007933E5 /* Assets.xcassets in Resources */ = {isa = PBXBuildFile; fileRef = 4C274EFD220A0567007933E5 /* Assets.xcassets */; };
		4C274F01220A0567007933E5 /* LaunchScreen.storyboard in Resources */ = {isa = PBXBuildFile; fileRef = 4C274EFF220A0567007933E5 /* LaunchScreen.storyboard */; };
		4C274F0C220A0567007933E5 /* HorizontalGraphTests.swift in Sources */ = {isa = PBXBuildFile; fileRef = 4C274F0B220A0567007933E5 /* HorizontalGraphTests.swift */; };
		4C9D79AB220A505200178D0E /* ChartContainerViewInput.swift in Sources */ = {isa = PBXBuildFile; fileRef = 4C9D79AA220A505200178D0E /* ChartContainerViewInput.swift */; };
		4C9D79AD220A509500178D0E /* ChartInteractor.swift in Sources */ = {isa = PBXBuildFile; fileRef = 4C9D79AC220A509500178D0E /* ChartInteractor.swift */; };
		4C9D79AF220A50A100178D0E /* ChartPresenter.swift in Sources */ = {isa = PBXBuildFile; fileRef = 4C9D79AE220A50A100178D0E /* ChartPresenter.swift */; };
		4C9D79B1220A50AB00178D0E /* ChartModel.swift in Sources */ = {isa = PBXBuildFile; fileRef = 4C9D79B0220A50AB00178D0E /* ChartModel.swift */; };
		4C9D79B4220A559700178D0E /* ChartConfigurator.swift in Sources */ = {isa = PBXBuildFile; fileRef = 4C9D79B3220A559700178D0E /* ChartConfigurator.swift */; };
		4CB6DD84220B93C2002FED4A /* ChartViewModel.swift in Sources */ = {isa = PBXBuildFile; fileRef = 4CB6DD83220B93C2002FED4A /* ChartViewModel.swift */; };
		4CB6DD87220B951A002FED4A /* WorkoutData.json in Resources */ = {isa = PBXBuildFile; fileRef = 4CB6DD86220B951A002FED4A /* WorkoutData.json */; };
		4CB6DD8A220B9B75002FED4A /* ChartItemView.swift in Sources */ = {isa = PBXBuildFile; fileRef = 4CB6DD89220B9B75002FED4A /* ChartItemView.swift */; };
		4CE046BA2218489E00474580 /* SampleData.json in Resources */ = {isa = PBXBuildFile; fileRef = 4CE046B92218489E00474580 /* SampleData.json */; };
		4CE046BC22184BF500474580 /* TestHelper.swift in Sources */ = {isa = PBXBuildFile; fileRef = 4CE046BB22184BF500474580 /* TestHelper.swift */; };
		7868BE81809911C91D1DF95E /* Pods_HorizontalGraph.framework in Frameworks */ = {isa = PBXBuildFile; fileRef = 0D7DA954AF18F2798C523099 /* Pods_HorizontalGraph.framework */; };
		A10CE28DD1E3DBFCEBD0B51C /* Pods_HorizontalGraphTests.framework in Frameworks */ = {isa = PBXBuildFile; fileRef = 14A7472EB9746C89E7CB155C /* Pods_HorizontalGraphTests.framework */; };
/* End PBXBuildFile section */

/* Begin PBXContainerItemProxy section */
		4C274F08220A0567007933E5 /* PBXContainerItemProxy */ = {
			isa = PBXContainerItemProxy;
			containerPortal = 4C274EEB220A0566007933E5 /* Project object */;
			proxyType = 1;
			remoteGlobalIDString = 4C274EF2220A0566007933E5;
			remoteInfo = HorizontalGraph;
		};
/* End PBXContainerItemProxy section */

/* Begin PBXFileReference section */
		0D7DA954AF18F2798C523099 /* Pods_HorizontalGraph.framework */ = {isa = PBXFileReference; explicitFileType = wrapper.framework; includeInIndex = 0; path = Pods_HorizontalGraph.framework; sourceTree = BUILT_PRODUCTS_DIR; };
		14A7472EB9746C89E7CB155C /* Pods_HorizontalGraphTests.framework */ = {isa = PBXFileReference; explicitFileType = wrapper.framework; includeInIndex = 0; path = Pods_HorizontalGraphTests.framework; sourceTree = BUILT_PRODUCTS_DIR; };
		247DBA958D4EAE7F99DCB4F0 /* Pods-HorizontalGraphTests.release.xcconfig */ = {isa = PBXFileReference; includeInIndex = 1; lastKnownFileType = text.xcconfig; name = "Pods-HorizontalGraphTests.release.xcconfig"; path = "Target Support Files/Pods-HorizontalGraphTests/Pods-HorizontalGraphTests.release.xcconfig"; sourceTree = "<group>"; };
		2D7AB39349A3C21ABEB00FBA /* Pods-HorizontalGraph.release.xcconfig */ = {isa = PBXFileReference; includeInIndex = 1; lastKnownFileType = text.xcconfig; name = "Pods-HorizontalGraph.release.xcconfig"; path = "Target Support Files/Pods-HorizontalGraph/Pods-HorizontalGraph.release.xcconfig"; sourceTree = "<group>"; };
		4C274EF3220A0566007933E5 /* HorizontalGraph.app */ = {isa = PBXFileReference; explicitFileType = wrapper.application; includeInIndex = 0; path = HorizontalGraph.app; sourceTree = BUILT_PRODUCTS_DIR; };
		4C274EF6220A0566007933E5 /* AppDelegate.swift */ = {isa = PBXFileReference; lastKnownFileType = sourcecode.swift; path = AppDelegate.swift; sourceTree = "<group>"; };
		4C274EFD220A0567007933E5 /* Assets.xcassets */ = {isa = PBXFileReference; lastKnownFileType = folder.assetcatalog; path = Assets.xcassets; sourceTree = "<group>"; };
		4C274F00220A0567007933E5 /* Base */ = {isa = PBXFileReference; lastKnownFileType = file.storyboard; name = Base; path = Base.lproj/LaunchScreen.storyboard; sourceTree = "<group>"; };
		4C274F02220A0567007933E5 /* Info.plist */ = {isa = PBXFileReference; lastKnownFileType = text.plist.xml; path = Info.plist; sourceTree = "<group>"; };
		4C274F07220A0567007933E5 /* HorizontalGraphTests.xctest */ = {isa = PBXFileReference; explicitFileType = wrapper.cfbundle; includeInIndex = 0; path = HorizontalGraphTests.xctest; sourceTree = BUILT_PRODUCTS_DIR; };
		4C274F0B220A0567007933E5 /* HorizontalGraphTests.swift */ = {isa = PBXFileReference; lastKnownFileType = sourcecode.swift; path = HorizontalGraphTests.swift; sourceTree = "<group>"; };
		4C274F0D220A0567007933E5 /* Info.plist */ = {isa = PBXFileReference; lastKnownFileType = text.plist.xml; path = Info.plist; sourceTree = "<group>"; };
		4C9D79AA220A505200178D0E /* ChartContainerViewInput.swift */ = {isa = PBXFileReference; lastKnownFileType = sourcecode.swift; path = ChartContainerViewInput.swift; sourceTree = "<group>"; };
		4C9D79AC220A509500178D0E /* ChartInteractor.swift */ = {isa = PBXFileReference; lastKnownFileType = sourcecode.swift; path = ChartInteractor.swift; sourceTree = "<group>"; };
		4C9D79AE220A50A100178D0E /* ChartPresenter.swift */ = {isa = PBXFileReference; lastKnownFileType = sourcecode.swift; path = ChartPresenter.swift; sourceTree = "<group>"; };
		4C9D79B0220A50AB00178D0E /* ChartModel.swift */ = {isa = PBXFileReference; lastKnownFileType = sourcecode.swift; path = ChartModel.swift; sourceTree = "<group>"; };
		4C9D79B3220A559700178D0E /* ChartConfigurator.swift */ = {isa = PBXFileReference; lastKnownFileType = sourcecode.swift; path = ChartConfigurator.swift; sourceTree = "<group>"; };
		4CB6DD83220B93C2002FED4A /* ChartViewModel.swift */ = {isa = PBXFileReference; lastKnownFileType = sourcecode.swift; path = ChartViewModel.swift; sourceTree = "<group>"; };
		4CB6DD86220B951A002FED4A /* WorkoutData.json */ = {isa = PBXFileReference; lastKnownFileType = text.json; path = WorkoutData.json; sourceTree = "<group>"; };
		4CB6DD89220B9B75002FED4A /* ChartItemView.swift */ = {isa = PBXFileReference; lastKnownFileType = sourcecode.swift; path = ChartItemView.swift; sourceTree = "<group>"; };
		4CE046B92218489E00474580 /* SampleData.json */ = {isa = PBXFileReference; lastKnownFileType = text.json; path = SampleData.json; sourceTree = "<group>"; };
		4CE046BB22184BF500474580 /* TestHelper.swift */ = {isa = PBXFileReference; lastKnownFileType = sourcecode.swift; name = TestHelper.swift; path = HorizontalGraphTests/TestHelper.swift; sourceTree = SOURCE_ROOT; };
		5738EA745886504D631634F3 /* Pods_HorizontalGraphUITests.framework */ = {isa = PBXFileReference; explicitFileType = wrapper.framework; includeInIndex = 0; path = Pods_HorizontalGraphUITests.framework; sourceTree = BUILT_PRODUCTS_DIR; };
		60FD956BDC4C370ECD7CFC3B /* Pods-HorizontalGraphTests.debug.xcconfig */ = {isa = PBXFileReference; includeInIndex = 1; lastKnownFileType = text.xcconfig; name = "Pods-HorizontalGraphTests.debug.xcconfig"; path = "Target Support Files/Pods-HorizontalGraphTests/Pods-HorizontalGraphTests.debug.xcconfig"; sourceTree = "<group>"; };
		B1446E1FA704C22BBCB5F1E4 /* Pods-HorizontalGraph.debug.xcconfig */ = {isa = PBXFileReference; includeInIndex = 1; lastKnownFileType = text.xcconfig; name = "Pods-HorizontalGraph.debug.xcconfig"; path = "Target Support Files/Pods-HorizontalGraph/Pods-HorizontalGraph.debug.xcconfig"; sourceTree = "<group>"; };
/* End PBXFileReference section */

/* Begin PBXFrameworksBuildPhase section */
		4C274EF0220A0566007933E5 /* Frameworks */ = {
			isa = PBXFrameworksBuildPhase;
			buildActionMask = 2147483647;
			files = (
				7868BE81809911C91D1DF95E /* Pods_HorizontalGraph.framework in Frameworks */,
			);
			runOnlyForDeploymentPostprocessing = 0;
		};
		4C274F04220A0567007933E5 /* Frameworks */ = {
			isa = PBXFrameworksBuildPhase;
			buildActionMask = 2147483647;
			files = (
				A10CE28DD1E3DBFCEBD0B51C /* Pods_HorizontalGraphTests.framework in Frameworks */,
			);
			runOnlyForDeploymentPostprocessing = 0;
		};
/* End PBXFrameworksBuildPhase section */

/* Begin PBXGroup section */
		4C274EEA220A0566007933E5 = {
			isa = PBXGroup;
			children = (
				4C274EF5220A0566007933E5 /* HorizontalGraph */,
				4C274F0A220A0567007933E5 /* HorizontalGraphTests */,
				4C274EF4220A0566007933E5 /* Products */,
				F366734619E771BD3D786457 /* Pods */,
				C8489B506D53A6E1D9AD6F36 /* Frameworks */,
			);
			sourceTree = "<group>";
		};
		4C274EF4220A0566007933E5 /* Products */ = {
			isa = PBXGroup;
			children = (
				4C274EF3220A0566007933E5 /* HorizontalGraph.app */,
				4C274F07220A0567007933E5 /* HorizontalGraphTests.xctest */,
			);
			name = Products;
			sourceTree = "<group>";
		};
		4C274EF5220A0566007933E5 /* HorizontalGraph */ = {
			isa = PBXGroup;
			children = (
				4C9D79B2220A557E00178D0E /* Chart */,
				4C274EF6220A0566007933E5 /* AppDelegate.swift */,
				4C274EFD220A0567007933E5 /* Assets.xcassets */,
				4C274EFF220A0567007933E5 /* LaunchScreen.storyboard */,
				4C274F02220A0567007933E5 /* Info.plist */,
			);
			path = HorizontalGraph;
			sourceTree = "<group>";
		};
		4C274F0A220A0567007933E5 /* HorizontalGraphTests */ = {
			isa = PBXGroup;
			children = (
				4CE046B82218488300474580 /* SampleData */,
				4C274F0B220A0567007933E5 /* HorizontalGraphTests.swift */,
				4CE046BB22184BF500474580 /* TestHelper.swift */,
				4C274F0D220A0567007933E5 /* Info.plist */,
			);
			path = HorizontalGraphTests;
			sourceTree = "<group>";
		};
		4C9D79B2220A557E00178D0E /* Chart */ = {
			isa = PBXGroup;
			children = (
				4CB6DD88220B9B67002FED4A /* Subviews */,
				4CB6DD85220B9503002FED4A /* SampleData */,
				4C9D79AE220A50A100178D0E /* ChartPresenter.swift */,
				4C9D79AA220A505200178D0E /* ChartContainerViewInput.swift */,
				4C9D79AC220A509500178D0E /* ChartInteractor.swift */,
				4C9D79B0220A50AB00178D0E /* ChartModel.swift */,
				4C9D79B3220A559700178D0E /* ChartConfigurator.swift */,
				4CB6DD83220B93C2002FED4A /* ChartViewModel.swift */,
			);
			path = Chart;
			sourceTree = "<group>";
		};
		4CB6DD85220B9503002FED4A /* SampleData */ = {
			isa = PBXGroup;
			children = (
				4CB6DD86220B951A002FED4A /* WorkoutData.json */,
			);
			path = SampleData;
			sourceTree = "<group>";
		};
		4CB6DD88220B9B67002FED4A /* Subviews */ = {
			isa = PBXGroup;
			children = (
				4CB6DD89220B9B75002FED4A /* ChartItemView.swift */,
			);
			path = Subviews;
			sourceTree = "<group>";
		};
		4CE046B82218488300474580 /* SampleData */ = {
			isa = PBXGroup;
			children = (
				4CE046B92218489E00474580 /* SampleData.json */,
			);
			path = SampleData;
			sourceTree = "<group>";
		};
		C8489B506D53A6E1D9AD6F36 /* Frameworks */ = {
			isa = PBXGroup;
			children = (
				0D7DA954AF18F2798C523099 /* Pods_HorizontalGraph.framework */,
				14A7472EB9746C89E7CB155C /* Pods_HorizontalGraphTests.framework */,
				5738EA745886504D631634F3 /* Pods_HorizontalGraphUITests.framework */,
			);
			name = Frameworks;
			sourceTree = "<group>";
		};
		F366734619E771BD3D786457 /* Pods */ = {
			isa = PBXGroup;
			children = (
				B1446E1FA704C22BBCB5F1E4 /* Pods-HorizontalGraph.debug.xcconfig */,
				2D7AB39349A3C21ABEB00FBA /* Pods-HorizontalGraph.release.xcconfig */,
				60FD956BDC4C370ECD7CFC3B /* Pods-HorizontalGraphTests.debug.xcconfig */,
				247DBA958D4EAE7F99DCB4F0 /* Pods-HorizontalGraphTests.release.xcconfig */,
			);
			path = Pods;
			sourceTree = "<group>";
		};
/* End PBXGroup section */

/* Begin PBXNativeTarget section */
		4C274EF2220A0566007933E5 /* HorizontalGraph */ = {
			isa = PBXNativeTarget;
			buildConfigurationList = 4C274F1B220A0567007933E5 /* Build configuration list for PBXNativeTarget "HorizontalGraph" */;
			buildPhases = (
				64FABDBC87783739A2A0A9C2 /* [CP] Check Pods Manifest.lock */,
				4C274EEF220A0566007933E5 /* Sources */,
				4C274EF0220A0566007933E5 /* Frameworks */,
				4C274EF1220A0566007933E5 /* Resources */,
				317BF75A89A8E29E3AB64435 /* [CP] Embed Pods Frameworks */,
			);
			buildRules = (
			);
			dependencies = (
			);
			name = HorizontalGraph;
			productName = HorizontalGraph;
			productReference = 4C274EF3220A0566007933E5 /* HorizontalGraph.app */;
			productType = "com.apple.product-type.application";
		};
		4C274F06220A0567007933E5 /* HorizontalGraphTests */ = {
			isa = PBXNativeTarget;
			buildConfigurationList = 4C274F1E220A0567007933E5 /* Build configuration list for PBXNativeTarget "HorizontalGraphTests" */;
			buildPhases = (
				027B6667EED6DCC909316A65 /* [CP] Check Pods Manifest.lock */,
				4C274F03220A0567007933E5 /* Sources */,
				4C274F04220A0567007933E5 /* Frameworks */,
				4C274F05220A0567007933E5 /* Resources */,
				B060972375B00F66E7A3F03F /* [CP] Embed Pods Frameworks */,
			);
			buildRules = (
			);
			dependencies = (
				4C274F09220A0567007933E5 /* PBXTargetDependency */,
			);
			name = HorizontalGraphTests;
			productName = HorizontalGraphTests;
			productReference = 4C274F07220A0567007933E5 /* HorizontalGraphTests.xctest */;
			productType = "com.apple.product-type.bundle.unit-test";
		};
/* End PBXNativeTarget section */

/* Begin PBXProject section */
		4C274EEB220A0566007933E5 /* Project object */ = {
			isa = PBXProject;
			attributes = {
				LastSwiftUpdateCheck = 1010;
				LastUpgradeCheck = 1010;
				ORGANIZATIONNAME = "Yuchen Nie";
				TargetAttributes = {
					4C274EF2220A0566007933E5 = {
						CreatedOnToolsVersion = 10.1;
					};
					4C274F06220A0567007933E5 = {
						CreatedOnToolsVersion = 10.1;
						TestTargetID = 4C274EF2220A0566007933E5;
					};
				};
			};
			buildConfigurationList = 4C274EEE220A0566007933E5 /* Build configuration list for PBXProject "HorizontalGraph" */;
			compatibilityVersion = "Xcode 9.3";
			developmentRegion = en;
			hasScannedForEncodings = 0;
			knownRegions = (
				en,
				Base,
			);
			mainGroup = 4C274EEA220A0566007933E5;
			productRefGroup = 4C274EF4220A0566007933E5 /* Products */;
			projectDirPath = "";
			projectRoot = "";
			targets = (
				4C274EF2220A0566007933E5 /* HorizontalGraph */,
				4C274F06220A0567007933E5 /* HorizontalGraphTests */,
			);
		};
/* End PBXProject section */

/* Begin PBXResourcesBuildPhase section */
		4C274EF1220A0566007933E5 /* Resources */ = {
			isa = PBXResourcesBuildPhase;
			buildActionMask = 2147483647;
			files = (
				4CB6DD87220B951A002FED4A /* WorkoutData.json in Resources */,
				4C274F01220A0567007933E5 /* LaunchScreen.storyboard in Resources */,
				4C274EFE220A0567007933E5 /* Assets.xcassets in Resources */,
			);
			runOnlyForDeploymentPostprocessing = 0;
		};
		4C274F05220A0567007933E5 /* Resources */ = {
			isa = PBXResourcesBuildPhase;
			buildActionMask = 2147483647;
			files = (
				4CE046BA2218489E00474580 /* SampleData.json in Resources */,
			);
			runOnlyForDeploymentPostprocessing = 0;
		};
/* End PBXResourcesBuildPhase section */

/* Begin PBXShellScriptBuildPhase section */
		027B6667EED6DCC909316A65 /* [CP] Check Pods Manifest.lock */ = {
			isa = PBXShellScriptBuildPhase;
			buildActionMask = 2147483647;
			files = (
			);
			inputFileListPaths = (
			);
			inputPaths = (
				"${PODS_PODFILE_DIR_PATH}/Podfile.lock",
				"${PODS_ROOT}/Manifest.lock",
			);
			name = "[CP] Check Pods Manifest.lock";
			outputFileListPaths = (
			);
			outputPaths = (
				"$(DERIVED_FILE_DIR)/Pods-HorizontalGraphTests-checkManifestLockResult.txt",
			);
			runOnlyForDeploymentPostprocessing = 0;
			shellPath = /bin/sh;
			shellScript = "diff \"${PODS_PODFILE_DIR_PATH}/Podfile.lock\" \"${PODS_ROOT}/Manifest.lock\" > /dev/null\nif [ $? != 0 ] ; then\n    # print error to STDERR\n    echo \"error: The sandbox is not in sync with the Podfile.lock. Run 'pod install' or update your CocoaPods installation.\" >&2\n    exit 1\nfi\n# This output is used by Xcode 'outputs' to avoid re-running this script phase.\necho \"SUCCESS\" > \"${SCRIPT_OUTPUT_FILE_0}\"\n";
			showEnvVarsInLog = 0;
		};
		317BF75A89A8E29E3AB64435 /* [CP] Embed Pods Frameworks */ = {
			isa = PBXShellScriptBuildPhase;
			buildActionMask = 2147483647;
			files = (
			);
			inputFileListPaths = (
			);
			inputPaths = (
				"${PODS_ROOT}/Target Support Files/Pods-HorizontalGraph/Pods-HorizontalGraph-frameworks.sh",
				"${BUILT_PRODUCTS_DIR}/SnapKit/SnapKit.framework",
			);
			name = "[CP] Embed Pods Frameworks";
			outputFileListPaths = (
			);
			outputPaths = (
				"${TARGET_BUILD_DIR}/${FRAMEWORKS_FOLDER_PATH}/SnapKit.framework",
			);
			runOnlyForDeploymentPostprocessing = 0;
			shellPath = /bin/sh;
			shellScript = "\"${PODS_ROOT}/Target Support Files/Pods-HorizontalGraph/Pods-HorizontalGraph-frameworks.sh\"\n";
			showEnvVarsInLog = 0;
		};
		64FABDBC87783739A2A0A9C2 /* [CP] Check Pods Manifest.lock */ = {
			isa = PBXShellScriptBuildPhase;
			buildActionMask = 2147483647;
			files = (
			);
			inputFileListPaths = (
			);
			inputPaths = (
				"${PODS_PODFILE_DIR_PATH}/Podfile.lock",
				"${PODS_ROOT}/Manifest.lock",
			);
			name = "[CP] Check Pods Manifest.lock";
			outputFileListPaths = (
			);
			outputPaths = (
				"$(DERIVED_FILE_DIR)/Pods-HorizontalGraph-checkManifestLockResult.txt",
			);
			runOnlyForDeploymentPostprocessing = 0;
			shellPath = /bin/sh;
			shellScript = "diff \"${PODS_PODFILE_DIR_PATH}/Podfile.lock\" \"${PODS_ROOT}/Manifest.lock\" > /dev/null\nif [ $? != 0 ] ; then\n    # print error to STDERR\n    echo \"error: The sandbox is not in sync with the Podfile.lock. Run 'pod install' or update your CocoaPods installation.\" >&2\n    exit 1\nfi\n# This output is used by Xcode 'outputs' to avoid re-running this script phase.\necho \"SUCCESS\" > \"${SCRIPT_OUTPUT_FILE_0}\"\n";
			showEnvVarsInLog = 0;
		};
		B060972375B00F66E7A3F03F /* [CP] Embed Pods Frameworks */ = {
			isa = PBXShellScriptBuildPhase;
			buildActionMask = 2147483647;
			files = (
			);
			inputFileListPaths = (
			);
			inputPaths = (
				"${PODS_ROOT}/Target Support Files/Pods-HorizontalGraphTests/Pods-HorizontalGraphTests-frameworks.sh",
				"${BUILT_PRODUCTS_DIR}/Nimble/Nimble.framework",
				"${BUILT_PRODUCTS_DIR}/Quick/Quick.framework",
			);
			name = "[CP] Embed Pods Frameworks";
			outputFileListPaths = (
			);
			outputPaths = (
				"${TARGET_BUILD_DIR}/${FRAMEWORKS_FOLDER_PATH}/Nimble.framework",
				"${TARGET_BUILD_DIR}/${FRAMEWORKS_FOLDER_PATH}/Quick.framework",
			);
			runOnlyForDeploymentPostprocessing = 0;
			shellPath = /bin/sh;
			shellScript = "\"${PODS_ROOT}/Target Support Files/Pods-HorizontalGraphTests/Pods-HorizontalGraphTests-frameworks.sh\"\n";
			showEnvVarsInLog = 0;
		};
/* End PBXShellScriptBuildPhase section */

/* Begin PBXSourcesBuildPhase section */
		4C274EEF220A0566007933E5 /* Sources */ = {
			isa = PBXSourcesBuildPhase;
			buildActionMask = 2147483647;
			files = (
				4C274EF7220A0566007933E5 /* AppDelegate.swift in Sources */,
				4C9D79AF220A50A100178D0E /* ChartPresenter.swift in Sources */,
				4C9D79AD220A509500178D0E /* ChartInteractor.swift in Sources */,
				4C9D79AB220A505200178D0E /* ChartContainerViewInput.swift in Sources */,
				4C9D79B1220A50AB00178D0E /* ChartModel.swift in Sources */,
				4C9D79B4220A559700178D0E /* ChartConfigurator.swift in Sources */,
				4CB6DD84220B93C2002FED4A /* ChartViewModel.swift in Sources */,
				4CB6DD8A220B9B75002FED4A /* ChartItemView.swift in Sources */,
			);
			runOnlyForDeploymentPostprocessing = 0;
		};
		4C274F03220A0567007933E5 /* Sources */ = {
			isa = PBXSourcesBuildPhase;
			buildActionMask = 2147483647;
			files = (
				4C274F0C220A0567007933E5 /* HorizontalGraphTests.swift in Sources */,
				4CE046BC22184BF500474580 /* TestHelper.swift in Sources */,
			);
			runOnlyForDeploymentPostprocessing = 0;
		};
/* End PBXSourcesBuildPhase section */

/* Begin PBXTargetDependency section */
		4C274F09220A0567007933E5 /* PBXTargetDependency */ = {
			isa = PBXTargetDependency;
			target = 4C274EF2220A0566007933E5 /* HorizontalGraph */;
			targetProxy = 4C274F08220A0567007933E5 /* PBXContainerItemProxy */;
		};
/* End PBXTargetDependency section */

/* Begin PBXVariantGroup section */
		4C274EFF220A0567007933E5 /* LaunchScreen.storyboard */ = {
			isa = PBXVariantGroup;
			children = (
				4C274F00220A0567007933E5 /* Base */,
			);
			name = LaunchScreen.storyboard;
			sourceTree = "<group>";
		};
/* End PBXVariantGroup section */

/* Begin XCBuildConfiguration section */
		4C274F19220A0567007933E5 /* Debug */ = {
			isa = XCBuildConfiguration;
			buildSettings = {
				ALWAYS_SEARCH_USER_PATHS = NO;
				CLANG_ANALYZER_NONNULL = YES;
				CLANG_ANALYZER_NUMBER_OBJECT_CONVERSION = YES_AGGRESSIVE;
				CLANG_CXX_LANGUAGE_STANDARD = "gnu++14";
				CLANG_CXX_LIBRARY = "libc++";
				CLANG_ENABLE_MODULES = YES;
				CLANG_ENABLE_OBJC_ARC = YES;
				CLANG_ENABLE_OBJC_WEAK = YES;
				CLANG_WARN_BLOCK_CAPTURE_AUTORELEASING = YES;
				CLANG_WARN_BOOL_CONVERSION = YES;
				CLANG_WARN_COMMA = YES;
				CLANG_WARN_CONSTANT_CONVERSION = YES;
				CLANG_WARN_DEPRECATED_OBJC_IMPLEMENTATIONS = YES;
				CLANG_WARN_DIRECT_OBJC_ISA_USAGE = YES_ERROR;
				CLANG_WARN_DOCUMENTATION_COMMENTS = YES;
				CLANG_WARN_EMPTY_BODY = YES;
				CLANG_WARN_ENUM_CONVERSION = YES;
				CLANG_WARN_INFINITE_RECURSION = YES;
				CLANG_WARN_INT_CONVERSION = YES;
				CLANG_WARN_NON_LITERAL_NULL_CONVERSION = YES;
				CLANG_WARN_OBJC_IMPLICIT_RETAIN_SELF = YES;
				CLANG_WARN_OBJC_LITERAL_CONVERSION = YES;
				CLANG_WARN_OBJC_ROOT_CLASS = YES_ERROR;
				CLANG_WARN_RANGE_LOOP_ANALYSIS = YES;
				CLANG_WARN_STRICT_PROTOTYPES = YES;
				CLANG_WARN_SUSPICIOUS_MOVE = YES;
				CLANG_WARN_UNGUARDED_AVAILABILITY = YES_AGGRESSIVE;
				CLANG_WARN_UNREACHABLE_CODE = YES;
				CLANG_WARN__DUPLICATE_METHOD_MATCH = YES;
				CODE_SIGN_IDENTITY = "iPhone Developer";
				COPY_PHASE_STRIP = NO;
				DEBUG_INFORMATION_FORMAT = dwarf;
				ENABLE_STRICT_OBJC_MSGSEND = YES;
				ENABLE_TESTABILITY = YES;
				GCC_C_LANGUAGE_STANDARD = gnu11;
				GCC_DYNAMIC_NO_PIC = NO;
				GCC_NO_COMMON_BLOCKS = YES;
				GCC_OPTIMIZATION_LEVEL = 0;
				GCC_PREPROCESSOR_DEFINITIONS = (
					"DEBUG=1",
					"$(inherited)",
				);
				GCC_WARN_64_TO_32_BIT_CONVERSION = YES;
				GCC_WARN_ABOUT_RETURN_TYPE = YES_ERROR;
				GCC_WARN_UNDECLARED_SELECTOR = YES;
				GCC_WARN_UNINITIALIZED_AUTOS = YES_AGGRESSIVE;
				GCC_WARN_UNUSED_FUNCTION = YES;
				GCC_WARN_UNUSED_VARIABLE = YES;
				IPHONEOS_DEPLOYMENT_TARGET = 12.1;
				MTL_ENABLE_DEBUG_INFO = INCLUDE_SOURCE;
				MTL_FAST_MATH = YES;
				ONLY_ACTIVE_ARCH = YES;
				SDKROOT = iphoneos;
				SWIFT_ACTIVE_COMPILATION_CONDITIONS = DEBUG;
				SWIFT_OPTIMIZATION_LEVEL = "-Onone";
			};
			name = Debug;
		};
		4C274F1A220A0567007933E5 /* Release */ = {
			isa = XCBuildConfiguration;
			buildSettings = {
				ALWAYS_SEARCH_USER_PATHS = NO;
				CLANG_ANALYZER_NONNULL = YES;
				CLANG_ANALYZER_NUMBER_OBJECT_CONVERSION = YES_AGGRESSIVE;
				CLANG_CXX_LANGUAGE_STANDARD = "gnu++14";
				CLANG_CXX_LIBRARY = "libc++";
				CLANG_ENABLE_MODULES = YES;
				CLANG_ENABLE_OBJC_ARC = YES;
				CLANG_ENABLE_OBJC_WEAK = YES;
				CLANG_WARN_BLOCK_CAPTURE_AUTORELEASING = YES;
				CLANG_WARN_BOOL_CONVERSION = YES;
				CLANG_WARN_COMMA = YES;
				CLANG_WARN_CONSTANT_CONVERSION = YES;
				CLANG_WARN_DEPRECATED_OBJC_IMPLEMENTATIONS = YES;
				CLANG_WARN_DIRECT_OBJC_ISA_USAGE = YES_ERROR;
				CLANG_WARN_DOCUMENTATION_COMMENTS = YES;
				CLANG_WARN_EMPTY_BODY = YES;
				CLANG_WARN_ENUM_CONVERSION = YES;
				CLANG_WARN_INFINITE_RECURSION = YES;
				CLANG_WARN_INT_CONVERSION = YES;
				CLANG_WARN_NON_LITERAL_NULL_CONVERSION = YES;
				CLANG_WARN_OBJC_IMPLICIT_RETAIN_SELF = YES;
				CLANG_WARN_OBJC_LITERAL_CONVERSION = YES;
				CLANG_WARN_OBJC_ROOT_CLASS = YES_ERROR;
				CLANG_WARN_RANGE_LOOP_ANALYSIS = YES;
				CLANG_WARN_STRICT_PROTOTYPES = YES;
				CLANG_WARN_SUSPICIOUS_MOVE = YES;
				CLANG_WARN_UNGUARDED_AVAILABILITY = YES_AGGRESSIVE;
				CLANG_WARN_UNREACHABLE_CODE = YES;
				CLANG_WARN__DUPLICATE_METHOD_MATCH = YES;
				CODE_SIGN_IDENTITY = "iPhone Developer";
				COPY_PHASE_STRIP = NO;
				DEBUG_INFORMATION_FORMAT = "dwarf-with-dsym";
				ENABLE_NS_ASSERTIONS = NO;
				ENABLE_STRICT_OBJC_MSGSEND = YES;
				GCC_C_LANGUAGE_STANDARD = gnu11;
				GCC_NO_COMMON_BLOCKS = YES;
				GCC_WARN_64_TO_32_BIT_CONVERSION = YES;
				GCC_WARN_ABOUT_RETURN_TYPE = YES_ERROR;
				GCC_WARN_UNDECLARED_SELECTOR = YES;
				GCC_WARN_UNINITIALIZED_AUTOS = YES_AGGRESSIVE;
				GCC_WARN_UNUSED_FUNCTION = YES;
				GCC_WARN_UNUSED_VARIABLE = YES;
				IPHONEOS_DEPLOYMENT_TARGET = 12.1;
				MTL_ENABLE_DEBUG_INFO = NO;
				MTL_FAST_MATH = YES;
				SDKROOT = iphoneos;
				SWIFT_COMPILATION_MODE = wholemodule;
				SWIFT_OPTIMIZATION_LEVEL = "-O";
				VALIDATE_PRODUCT = YES;
			};
			name = Release;
		};
		4C274F1C220A0567007933E5 /* Debug */ = {
			isa = XCBuildConfiguration;
			baseConfigurationReference = B1446E1FA704C22BBCB5F1E4 /* Pods-HorizontalGraph.debug.xcconfig */;
			buildSettings = {
				ASSETCATALOG_COMPILER_APPICON_NAME = AppIcon;
				CODE_SIGN_STYLE = Automatic;
				INFOPLIST_FILE = HorizontalGraph/Info.plist;
				LD_RUNPATH_SEARCH_PATHS = (
					"$(inherited)",
					"@executable_path/Frameworks",
				);
				PRODUCT_BUNDLE_IDENTIFIER = com.Yuchen.SampleUITesting.HorizontalGraph;
				PRODUCT_NAME = "$(TARGET_NAME)";
				SWIFT_VERSION = 4.2;
				TARGETED_DEVICE_FAMILY = 1;
			};
			name = Debug;
		};
		4C274F1D220A0567007933E5 /* Release */ = {
			isa = XCBuildConfiguration;
			baseConfigurationReference = 2D7AB39349A3C21ABEB00FBA /* Pods-HorizontalGraph.release.xcconfig */;
			buildSettings = {
				ASSETCATALOG_COMPILER_APPICON_NAME = AppIcon;
				CODE_SIGN_STYLE = Automatic;
				INFOPLIST_FILE = HorizontalGraph/Info.plist;
				LD_RUNPATH_SEARCH_PATHS = (
					"$(inherited)",
					"@executable_path/Frameworks",
				);
				PRODUCT_BUNDLE_IDENTIFIER = com.Yuchen.SampleUITesting.HorizontalGraph;
				PRODUCT_NAME = "$(TARGET_NAME)";
				SWIFT_VERSION = 4.2;
				TARGETED_DEVICE_FAMILY = 1;
			};
			name = Release;
		};
		4C274F1F220A0567007933E5 /* Debug */ = {
			isa = XCBuildConfiguration;
			baseConfigurationReference = 60FD956BDC4C370ECD7CFC3B /* Pods-HorizontalGraphTests.debug.xcconfig */;
			buildSettings = {
				BUNDLE_LOADER = "$(TEST_HOST)";
				CODE_SIGN_STYLE = Automatic;
				INFOPLIST_FILE = HorizontalGraphTests/Info.plist;
				LD_RUNPATH_SEARCH_PATHS = (
					"$(inherited)",
					"@executable_path/Frameworks",
					"@loader_path/Frameworks",
				);
				PRODUCT_BUNDLE_IDENTIFIER = com.Yuchen.SampleUITesting.HorizontalGraphTests;
				PRODUCT_NAME = "$(TARGET_NAME)";
				SWIFT_VERSION = 4.2;
				TARGETED_DEVICE_FAMILY = "1,2";
				TEST_HOST = "$(BUILT_PRODUCTS_DIR)/HorizontalGraph.app/HorizontalGraph";
			};
			name = Debug;
		};
		4C274F20220A0567007933E5 /* Release */ = {
			isa = XCBuildConfiguration;
			baseConfigurationReference = 247DBA958D4EAE7F99DCB4F0 /* Pods-HorizontalGraphTests.release.xcconfig */;
			buildSettings = {
				BUNDLE_LOADER = "$(TEST_HOST)";
				CODE_SIGN_STYLE = Automatic;
				INFOPLIST_FILE = HorizontalGraphTests/Info.plist;
				LD_RUNPATH_SEARCH_PATHS = (
					"$(inherited)",
					"@executable_path/Frameworks",
					"@loader_path/Frameworks",
				);
				PRODUCT_BUNDLE_IDENTIFIER = com.Yuchen.SampleUITesting.HorizontalGraphTests;
				PRODUCT_NAME = "$(TARGET_NAME)";
				SWIFT_VERSION = 4.2;
				TARGETED_DEVICE_FAMILY = "1,2";
				TEST_HOST = "$(BUILT_PRODUCTS_DIR)/HorizontalGraph.app/HorizontalGraph";
			};
			name = Release;
		};
/* End XCBuildConfiguration section */

/* Begin XCConfigurationList section */
		4C274EEE220A0566007933E5 /* Build configuration list for PBXProject "HorizontalGraph" */ = {
			isa = XCConfigurationList;
			buildConfigurations = (
				4C274F19220A0567007933E5 /* Debug */,
				4C274F1A220A0567007933E5 /* Release */,
			);
			defaultConfigurationIsVisible = 0;
			defaultConfigurationName = Release;
		};
		4C274F1B220A0567007933E5 /* Build configuration list for PBXNativeTarget "HorizontalGraph" */ = {
			isa = XCConfigurationList;
			buildConfigurations = (
				4C274F1C220A0567007933E5 /* Debug */,
				4C274F1D220A0567007933E5 /* Release */,
			);
			defaultConfigurationIsVisible = 0;
			defaultConfigurationName = Release;
		};
		4C274F1E220A0567007933E5 /* Build configuration list for PBXNativeTarget "HorizontalGraphTests" */ = {
			isa = XCConfigurationList;
			buildConfigurations = (
				4C274F1F220A0567007933E5 /* Debug */,
				4C274F20220A0567007933E5 /* Release */,
			);
			defaultConfigurationIsVisible = 0;
			defaultConfigurationName = Release;
		};
/* End XCConfigurationList section */
	};
	rootObject = 4C274EEB220A0566007933E5 /* Project object */;
}
